{
    "_readme": [
        "This file locks the dependencies of your project to a known state",
        "Read more about it at https://getcomposer.org/doc/01-basic-usage.md#installing-dependencies",
        "This file is @generated automatically"
    ],
    "content-hash": "4600cf70ebd45538ad722530496d829a",
    "packages": [
        {
            "name": "viest/php-ext-xlswriter-ide-helper",
            "version": "dev-master",
            "source": {
                "type": "git",
                "url": "https://github.com/viest/php-ext-xlswriter-ide-helper.git",
                "reference": "e617f5b911e7224e8cce16d7891ad3baa8408c0c"
            },
            "dist": {
                "type": "zip",
                "url": "https://api.github.com/repos/viest/php-ext-xlswriter-ide-helper/zipball/e617f5b911e7224e8cce16d7891ad3baa8408c0c",
                "reference": "e617f5b911e7224e8cce16d7891ad3baa8408c0c",
                "shasum": ""
            },
            "require": {
                "php": ">=7"
            },
            "type": "library",
            "autoload": {
                "psr-4": {
                    "Vtiful\\Kernel\\": "src/"
                }
            },
            "notification-url": "https://packagist.org/downloads/",
            "license": [
                "MIT"
            ],
            "authors": [
                {
                    "name": "viest",
                    "email": "wjx@php.net"
                }
            ],
            "description": "PHP Extension Xlswriter IDE Helper",
            "time": "2020-12-31T14:54:09+00:00"
        }
    ],
    "packages-dev": [],
    "aliases": [],
    "minimum-stability": "dev",
    "stability-flags": {
        "viest/php-ext-xlswriter-ide-helper": 20
    },
    "prefer-stable": false,
    "prefer-lowest": false,
    "platform": {
        "php": ">=7.0"
    },
    "platform-dev": []
}
